
Microsoft Visual Studio Solution File, Format Version 12.00
# Visual Studio 15
VisualStudioVersion = 15.0.26124.0
MinimumVisualStudioVersion = 15.0.26124.0
Project("{2150E333-8FDC-42A3-9474-1A3956D46DE8}") = "src", "src", "{759C4D8D-5DDD-4E4E-92B4-9F93BB7DCF15}"
EndProject
Project("{FAE04EC0-301F-11D3-BF4B-00C04F79EFBC}") = "GradeBook", "src\GradeBook\GradeBook.csproj", "{C27CA8EA-74F8-4847-AFEA-1A9922D591CB}"
EndProject
Project("{2150E333-8FDC-42A3-9474-1A3956D46DE8}") = "test", "test", "{F8F0F7B5-4867-4B7E-BEF1-037C84FD7882}"
EndProject
Project("{FAE04EC0-301F-11D3-BF4B-00C04F79EFBC}") = "GradeBook.Tests", "test\GradeBook.Tests\GradeBook.Tests.csproj", "{1666AED2-024E-462F-8489-280FDEE08C91}"
EndProject
Global
	GlobalSection(SolutionConfigurationPlatforms) = preSolution
		Debug|Any CPU = Debug|Any CPU
		Debug|x64 = Debug|x64
		Debug|x86 = Debug|x86
		Release|Any CPU = Release|Any CPU
		Release|x64 = Release|x64
		Release|x86 = Release|x86
	EndGlobalSection
	GlobalSection(SolutionProperties) = preSolution
		HideSolutionNode = FALSE
	EndGlobalSection
	GlobalSection(ProjectConfigurationPlatforms) = postSolution
		{C27CA8EA-74F8-4847-AFEA-1A9922D591CB}.Debug|Any CPU.ActiveCfg = Debug|Any CPU
		{C27CA8EA-74F8-4847-AFEA-1A9922D591CB}.Debug|Any CPU.Build.0 = Debug|Any CPU
		{C27CA8EA-74F8-4847-AFEA-1A9922D591CB}.Debug|x64.ActiveCfg = Debug|Any CPU
		{C27CA8EA-74F8-4847-AFEA-1A9922D591CB}.Debug|x64.Build.0 = Debug|Any CPU
		{C27CA8EA-74F8-4847-AFEA-1A9922D591CB}.Debug|x86.ActiveCfg = Debug|Any CPU
		{C27CA8EA-74F8-4847-AFEA-1A9922D591CB}.Debug|x86.Build.0 = Debug|Any CPU
		{C27CA8EA-74F8-4847-AFEA-1A9922D591CB}.Release|Any CPU.ActiveCfg = Release|Any CPU
		{C27CA8EA-74F8-4847-AFEA-1A9922D591CB}.Release|Any CPU.Build.0 = Release|Any CPU
		{C27CA8EA-74F8-4847-AFEA-1A9922D591CB}.Release|x64.ActiveCfg = Release|Any CPU
		{C27CA8EA-74F8-4847-AFEA-1A9922D591CB}.Release|x64.Build.0 = Release|Any CPU
		{C27CA8EA-74F8-4847-AFEA-1A9922D591CB}.Release|x86.ActiveCfg = Release|Any CPU
		{C27CA8EA-74F8-4847-AFEA-1A9922D591CB}.Release|x86.Build.0 = Release|Any CPU
		{1666AED2-024E-462F-8489-280FDEE08C91}.Debug|Any CPU.ActiveCfg = Debug|Any CPU
		{1666AED2-024E-462F-8489-280FDEE08C91}.Debug|Any CPU.Build.0 = Debug|Any CPU
		{1666AED2-024E-462F-8489-280FDEE08C91}.Debug|x64.ActiveCfg = Debug|Any CPU
		{1666AED2-024E-462F-8489-280FDEE08C91}.Debug|x64.Build.0 = Debug|Any CPU
		{1666AED2-024E-462F-8489-280FDEE08C91}.Debug|x86.ActiveCfg = Debug|Any CPU
		{1666AED2-024E-462F-8489-280FDEE08C91}.Debug|x86.Build.0 = Debug|Any CPU
		{1666AED2-024E-462F-8489-280FDEE08C91}.Release|Any CPU.ActiveCfg = Release|Any CPU
		{1666AED2-024E-462F-8489-280FDEE08C91}.Release|Any CPU.Build.0 = Release|Any CPU
		{1666AED2-024E-462F-8489-280FDEE08C91}.Release|x64.ActiveCfg = Release|Any CPU
		{1666AED2-024E-462F-8489-280FDEE08C91}.Release|x64.Build.0 = Release|Any CPU
		{1666AED2-024E-462F-8489-280FDEE08C91}.Release|x86.ActiveCfg = Release|Any CPU
		{1666AED2-024E-462F-8489-280FDEE08C91}.Release|x86.Build.0 = Release|Any CPU
	EndGlobalSection
	GlobalSection(NestedProjects) = preSolution
		{C27CA8EA-74F8-4847-AFEA-1A9922D591CB} = {759C4D8D-5DDD-4E4E-92B4-9F93BB7DCF15}
		{1666AED2-024E-462F-8489-280FDEE08C91} = {F8F0F7B5-4867-4B7E-BEF1-037C84FD7882}
	EndGlobalSection
EndGlobal
